PODS:
  - Expecta (0.2.2)
  - KFData (0.4.1):
    - KFData/Core
    - KFData/Store
    - KFData/UI
  - KFData/Core (0.4.1)
  - KFData/Store (0.4.1):
    - KFData/Core
  - KFData/UI (0.4.1):
    - KFData/Core

DEPENDENCIES:
  - Expecta
  - KFData (from `../`)

EXTERNAL SOURCES:
  KFData:
    :path: ../

SPEC CHECKSUMS:
  Expecta: 99adbb2e366a02796477523bfd426143350d9caf
  KFData: 7addc036aef03b65fd6f4c4d7ea03bd873d89ecb

COCOAPODS: 0.23.0
