PODS:
  - Expecta (0.2.1)
  - KFData (0.4.1):
    - KFData/Core
    - KFData/Store
    - KFData/UI
  - KFData/Core (0.4.1)
  - KFData/Store (0.4.1):
    - KFData/Core
  - KFData/UI (0.4.1):
    - KFData/Core

DEPENDENCIES:
  - Expecta
  - KFData (from `../`)

EXTERNAL SOURCES:
  KFData:
    :path: ../

SPEC CHECKSUMS:
  Expecta: d46fb1bd78c90a83da0158b9b1e108de106e369f
  KFData: 3b9a43cf741ded9bdc913366c6b6fdc47bb91268

COCOAPODS: 0.23.0
