// !$*UTF8*$!
{
	archiveVersion = 1;
	classes = {
	};
	objectVersion = 46;
	objects = {

/* Begin PBXBuildFile section */
		7749599A16CE3BDB003E205A /* NSManagedObjectContext_Spec.m in Sources */ = {isa = PBXBuildFile; fileRef = 7749599916CE3BDA003E205A /* NSManagedObjectContext_Spec.m */; };
		778BAE1E172FC6550074DC89 /* KFAttribute.m in Sources */ = {isa = PBXBuildFile; fileRef = 778BAE1D172FC6550074DC89 /* KFAttribute.m */; };
		778BAE22172FCEBD0074DC89 /* KFAttribute_Spec.m in Sources */ = {isa = PBXBuildFile; fileRef = 778BAE21172FCEBD0074DC89 /* KFAttribute_Spec.m */; };
		77ADAEBD16CBF79F00A2F38D /* SenTestingKit.framework in Frameworks */ = {isa = PBXBuildFile; fileRef = 77ADAEBC16CBF79F00A2F38D /* SenTestingKit.framework */; };
		77ADAEBF16CBF79F00A2F38D /* Cocoa.framework in Frameworks */ = {isa = PBXBuildFile; fileRef = 77ADAEBE16CBF79F00A2F38D /* Cocoa.framework */; };
		77ADAED416CBF91500A2F38D /* KFDataStore_Spec.m in Sources */ = {isa = PBXBuildFile; fileRef = 77ADAED316CBF91500A2F38D /* KFDataStore_Spec.m */; };
		77ADAEE316CBFA6A00A2F38D /* KFDataCollectionViewController.m in Sources */ = {isa = PBXBuildFile; fileRef = 77ADAED916CBFA6A00A2F38D /* KFDataCollectionViewController.m */; };
		77ADAEE416CBFA6A00A2F38D /* KFDataTableViewController.m in Sources */ = {isa = PBXBuildFile; fileRef = 77ADAEDB16CBFA6A00A2F38D /* KFDataTableViewController.m */; };
		77ADAEE516CBFA6A00A2F38D /* KFDataViewController.m in Sources */ = {isa = PBXBuildFile; fileRef = 77ADAEDD16CBFA6A00A2F38D /* KFDataViewController.m */; };
		77ADAEE616CBFA6A00A2F38D /* KFFetchedResultsTableController.m in Sources */ = {isa = PBXBuildFile; fileRef = 77ADAEE016CBFA6A00A2F38D /* KFFetchedResultsTableController.m */; };
		77ADAEE716CBFA6A00A2F38D /* KFDataStore.m in Sources */ = {isa = PBXBuildFile; fileRef = 77ADAEE216CBFA6A00A2F38D /* KFDataStore.m */; };
		77ADAEF416CBFAA900A2F38D /* NSManagedObject+Aggregation.m in Sources */ = {isa = PBXBuildFile; fileRef = 77ADAEEB16CBFAA900A2F38D /* NSManagedObject+Aggregation.m */; };
		77ADAEF516CBFAA900A2F38D /* NSManagedObject+Finders.m in Sources */ = {isa = PBXBuildFile; fileRef = 77ADAEED16CBFAA900A2F38D /* NSManagedObject+Finders.m */; };
		77ADAEF616CBFAA900A2F38D /* NSManagedObject+KFData.m in Sources */ = {isa = PBXBuildFile; fileRef = 77ADAEEF16CBFAA900A2F38D /* NSManagedObject+KFData.m */; };
		77ADAEF716CBFAA900A2F38D /* NSManagedObject+Requests.m in Sources */ = {isa = PBXBuildFile; fileRef = 77ADAEF116CBFAA900A2F38D /* NSManagedObject+Requests.m */; };
		77ADAEF816CBFAA900A2F38D /* NSManagedObjectContext+KFData.m in Sources */ = {isa = PBXBuildFile; fileRef = 77ADAEF316CBFAA900A2F38D /* NSManagedObjectContext+KFData.m */; };
		77B1F4EE172421D40005CC2D /* KFSearchableTableViewController.m in Sources */ = {isa = PBXBuildFile; fileRef = 77B1F4ED172421D40005CC2D /* KFSearchableTableViewController.m */; };
		77E684D816EE035F00D9BBFA /* KFManagedObjectContext.m in Sources */ = {isa = PBXBuildFile; fileRef = 77E684D716EE035F00D9BBFA /* KFManagedObjectContext.m */; };
		BF00C2B262A940CE9701EC7D /* libPods.a in Frameworks */ = {isa = PBXBuildFile; fileRef = 9776A1351F9F45A9A99EE8D4 /* libPods.a */; };
/* End PBXBuildFile section */

/* Begin PBXContainerItemProxy section */
		777554C416DA813A00A5ACF9 /* PBXContainerItemProxy */ = {
			isa = PBXContainerItemProxy;
			containerPortal = 777554BF16DA813A00A5ACF9 /* Todo.xcodeproj */;
			proxyType = 2;
			remoteGlobalIDString = 779A784D16837FF60049B316;
			remoteInfo = Todo;
		};
		777554C616DA813A00A5ACF9 /* PBXContainerItemProxy */ = {
			isa = PBXContainerItemProxy;
			containerPortal = 777554BF16DA813A00A5ACF9 /* Todo.xcodeproj */;
			proxyType = 2;
			remoteGlobalIDString = 779A786E16837FF60049B316;
			remoteInfo = TodoTests;
		};
/* End PBXContainerItemProxy section */

/* Begin PBXFileReference section */
		308049E1D01E4BD69E3AB8F0 /* Pods.xcconfig */ = {isa = PBXFileReference; includeInIndex = 1; lastKnownFileType = text.xcconfig; name = Pods.xcconfig; path = Pods/Pods.xcconfig; sourceTree = SOURCE_ROOT; };
		7749599916CE3BDA003E205A /* NSManagedObjectContext_Spec.m */ = {isa = PBXFileReference; fileEncoding = 4; lastKnownFileType = sourcecode.c.objc; name = NSManagedObjectContext_Spec.m; path = Tests/NSManagedObjectContext_Spec.m; sourceTree = SOURCE_ROOT; };
		777554BF16DA813A00A5ACF9 /* Todo.xcodeproj */ = {isa = PBXFileReference; lastKnownFileType = "wrapper.pb-project"; name = Todo.xcodeproj; path = Example/Todo/Todo.xcodeproj; sourceTree = "<group>"; };
		778BAE1C172FC6550074DC89 /* KFAttribute.h */ = {isa = PBXFileReference; fileEncoding = 4; lastKnownFileType = sourcecode.c.h; path = KFAttribute.h; sourceTree = "<group>"; };
		778BAE1D172FC6550074DC89 /* KFAttribute.m */ = {isa = PBXFileReference; fileEncoding = 4; lastKnownFileType = sourcecode.c.objc; path = KFAttribute.m; sourceTree = "<group>"; };
		778BAE21172FCEBD0074DC89 /* KFAttribute_Spec.m */ = {isa = PBXFileReference; fileEncoding = 4; lastKnownFileType = sourcecode.c.objc; name = KFAttribute_Spec.m; path = Tests/KFAttribute_Spec.m; sourceTree = SOURCE_ROOT; };
		77ADAEB916CBF79F00A2F38D /* KFData.octest */ = {isa = PBXFileReference; explicitFileType = wrapper.cfbundle; includeInIndex = 0; path = KFData.octest; sourceTree = BUILT_PRODUCTS_DIR; };
		77ADAEBC16CBF79F00A2F38D /* SenTestingKit.framework */ = {isa = PBXFileReference; lastKnownFileType = wrapper.framework; name = SenTestingKit.framework; path = Library/Frameworks/SenTestingKit.framework; sourceTree = DEVELOPER_DIR; };
		77ADAEBE16CBF79F00A2F38D /* Cocoa.framework */ = {isa = PBXFileReference; lastKnownFileType = wrapper.framework; name = Cocoa.framework; path = Library/Frameworks/Cocoa.framework; sourceTree = DEVELOPER_DIR; };
		77ADAEC116CBF79F00A2F38D /* AppKit.framework */ = {isa = PBXFileReference; lastKnownFileType = wrapper.framework; name = AppKit.framework; path = Library/Frameworks/AppKit.framework; sourceTree = SDKROOT; };
		77ADAEC216CBF79F00A2F38D /* CoreData.framework */ = {isa = PBXFileReference; lastKnownFileType = wrapper.framework; name = CoreData.framework; path = Library/Frameworks/CoreData.framework; sourceTree = SDKROOT; };
		77ADAEC316CBF79F00A2F38D /* Foundation.framework */ = {isa = PBXFileReference; lastKnownFileType = wrapper.framework; name = Foundation.framework; path = Library/Frameworks/Foundation.framework; sourceTree = SDKROOT; };
		77ADAED316CBF91500A2F38D /* KFDataStore_Spec.m */ = {isa = PBXFileReference; fileEncoding = 4; lastKnownFileType = sourcecode.c.objc; name = KFDataStore_Spec.m; path = Tests/KFDataStore_Spec.m; sourceTree = SOURCE_ROOT; };
		77ADAED516CBF9A100A2F38D /* KFData-Prefix.pch */ = {isa = PBXFileReference; fileEncoding = 4; lastKnownFileType = sourcecode.c.h; name = "KFData-Prefix.pch"; path = "Other Sources/KFData-Prefix.pch"; sourceTree = SOURCE_ROOT; };
		77ADAED816CBFA6A00A2F38D /* KFDataCollectionViewController.h */ = {isa = PBXFileReference; fileEncoding = 4; lastKnownFileType = sourcecode.c.h; path = KFDataCollectionViewController.h; sourceTree = "<group>"; };
		77ADAED916CBFA6A00A2F38D /* KFDataCollectionViewController.m */ = {isa = PBXFileReference; fileEncoding = 4; lastKnownFileType = sourcecode.c.objc; path = KFDataCollectionViewController.m; sourceTree = "<group>"; };
		77ADAEDA16CBFA6A00A2F38D /* KFDataTableViewController.h */ = {isa = PBXFileReference; fileEncoding = 4; lastKnownFileType = sourcecode.c.h; path = KFDataTableViewController.h; sourceTree = "<group>"; };
		77ADAEDB16CBFA6A00A2F38D /* KFDataTableViewController.m */ = {isa = PBXFileReference; fileEncoding = 4; lastKnownFileType = sourcecode.c.objc; path = KFDataTableViewController.m; sourceTree = "<group>"; };
		77ADAEDC16CBFA6A00A2F38D /* KFDataViewController.h */ = {isa = PBXFileReference; fileEncoding = 4; lastKnownFileType = sourcecode.c.h; path = KFDataViewController.h; sourceTree = "<group>"; };
		77ADAEDD16CBFA6A00A2F38D /* KFDataViewController.m */ = {isa = PBXFileReference; fileEncoding = 4; lastKnownFileType = sourcecode.c.objc; path = KFDataViewController.m; sourceTree = "<group>"; };
		77ADAEDE16CBFA6A00A2F38D /* KFDataViewControllerProtocol.h */ = {isa = PBXFileReference; fileEncoding = 4; lastKnownFileType = sourcecode.c.h; path = KFDataViewControllerProtocol.h; sourceTree = "<group>"; };
		77ADAEDF16CBFA6A00A2F38D /* KFFetchedResultsTableController.h */ = {isa = PBXFileReference; fileEncoding = 4; lastKnownFileType = sourcecode.c.h; path = KFFetchedResultsTableController.h; sourceTree = "<group>"; };
		77ADAEE016CBFA6A00A2F38D /* KFFetchedResultsTableController.m */ = {isa = PBXFileReference; fileEncoding = 4; lastKnownFileType = sourcecode.c.objc; path = KFFetchedResultsTableController.m; sourceTree = "<group>"; };
		77ADAEE116CBFA6A00A2F38D /* KFDataStore.h */ = {isa = PBXFileReference; fileEncoding = 4; lastKnownFileType = sourcecode.c.h; path = KFDataStore.h; sourceTree = "<group>"; };
		77ADAEE216CBFA6A00A2F38D /* KFDataStore.m */ = {isa = PBXFileReference; fileEncoding = 4; lastKnownFileType = sourcecode.c.objc; path = KFDataStore.m; sourceTree = "<group>"; };
		77ADAEEA16CBFAA900A2F38D /* NSManagedObject+Aggregation.h */ = {isa = PBXFileReference; fileEncoding = 4; lastKnownFileType = sourcecode.c.h; path = "NSManagedObject+Aggregation.h"; sourceTree = "<group>"; };
		77ADAEEB16CBFAA900A2F38D /* NSManagedObject+Aggregation.m */ = {isa = PBXFileReference; fileEncoding = 4; lastKnownFileType = sourcecode.c.objc; path = "NSManagedObject+Aggregation.m"; sourceTree = "<group>"; };
		77ADAEEC16CBFAA900A2F38D /* NSManagedObject+Finders.h */ = {isa = PBXFileReference; fileEncoding = 4; lastKnownFileType = sourcecode.c.h; path = "NSManagedObject+Finders.h"; sourceTree = "<group>"; };
		77ADAEED16CBFAA900A2F38D /* NSManagedObject+Finders.m */ = {isa = PBXFileReference; fileEncoding = 4; lastKnownFileType = sourcecode.c.objc; path = "NSManagedObject+Finders.m"; sourceTree = "<group>"; };
		77ADAEEE16CBFAA900A2F38D /* NSManagedObject+KFData.h */ = {isa = PBXFileReference; fileEncoding = 4; lastKnownFileType = sourcecode.c.h; path = "NSManagedObject+KFData.h"; sourceTree = "<group>"; };
		77ADAEEF16CBFAA900A2F38D /* NSManagedObject+KFData.m */ = {isa = PBXFileReference; fileEncoding = 4; lastKnownFileType = sourcecode.c.objc; path = "NSManagedObject+KFData.m"; sourceTree = "<group>"; };
		77ADAEF016CBFAA900A2F38D /* NSManagedObject+Requests.h */ = {isa = PBXFileReference; fileEncoding = 4; lastKnownFileType = sourcecode.c.h; path = "NSManagedObject+Requests.h"; sourceTree = "<group>"; };
		77ADAEF116CBFAA900A2F38D /* NSManagedObject+Requests.m */ = {isa = PBXFileReference; fileEncoding = 4; lastKnownFileType = sourcecode.c.objc; path = "NSManagedObject+Requests.m"; sourceTree = "<group>"; };
		77ADAEF216CBFAA900A2F38D /* NSManagedObjectContext+KFData.h */ = {isa = PBXFileReference; fileEncoding = 4; lastKnownFileType = sourcecode.c.h; path = "NSManagedObjectContext+KFData.h"; sourceTree = "<group>"; };
		77ADAEF316CBFAA900A2F38D /* NSManagedObjectContext+KFData.m */ = {isa = PBXFileReference; fileEncoding = 4; lastKnownFileType = sourcecode.c.objc; path = "NSManagedObjectContext+KFData.m"; sourceTree = "<group>"; };
		77ADAEF916CC01E400A2F38D /* KFData-Info.plist */ = {isa = PBXFileReference; fileEncoding = 4; lastKnownFileType = text.plist.xml; name = "KFData-Info.plist"; path = "Other Sources/KFData-Info.plist"; sourceTree = SOURCE_ROOT; };
		77B1F4EC172421D40005CC2D /* KFSearchableTableViewController.h */ = {isa = PBXFileReference; fileEncoding = 4; lastKnownFileType = sourcecode.c.h; path = KFSearchableTableViewController.h; sourceTree = "<group>"; };
		77B1F4ED172421D40005CC2D /* KFSearchableTableViewController.m */ = {isa = PBXFileReference; fileEncoding = 4; lastKnownFileType = sourcecode.c.objc; path = KFSearchableTableViewController.m; sourceTree = "<group>"; };
		77E3A4C0171491EE006323F9 /* KFData.h */ = {isa = PBXFileReference; lastKnownFileType = sourcecode.c.h; path = KFData.h; sourceTree = "<group>"; };
		77E684D616EE035F00D9BBFA /* KFManagedObjectContext.h */ = {isa = PBXFileReference; fileEncoding = 4; lastKnownFileType = sourcecode.c.h; path = KFManagedObjectContext.h; sourceTree = "<group>"; };
		77E684D716EE035F00D9BBFA /* KFManagedObjectContext.m */ = {isa = PBXFileReference; fileEncoding = 4; lastKnownFileType = sourcecode.c.objc; path = KFManagedObjectContext.m; sourceTree = "<group>"; };
		9776A1351F9F45A9A99EE8D4 /* libPods.a */ = {isa = PBXFileReference; explicitFileType = archive.ar; includeInIndex = 0; path = libPods.a; sourceTree = BUILT_PRODUCTS_DIR; };
/* End PBXFileReference section */

/* Begin PBXFrameworksBuildPhase section */
		77ADAEB516CBF79F00A2F38D /* Frameworks */ = {
			isa = PBXFrameworksBuildPhase;
			buildActionMask = 2147483647;
			files = (
				77ADAEBD16CBF79F00A2F38D /* SenTestingKit.framework in Frameworks */,
				77ADAEBF16CBF79F00A2F38D /* Cocoa.framework in Frameworks */,
				BF00C2B262A940CE9701EC7D /* libPods.a in Frameworks */,
			);
			runOnlyForDeploymentPostprocessing = 0;
		};
/* End PBXFrameworksBuildPhase section */

/* Begin PBXGroup section */
		777554C016DA813A00A5ACF9 /* Products */ = {
			isa = PBXGroup;
			children = (
				777554C516DA813A00A5ACF9 /* Todo.app */,
				777554C716DA813A00A5ACF9 /* TodoTests.octest */,
			);
			name = Products;
			sourceTree = "<group>";
		};
		777554C816DA815500A5ACF9 /* Examples */ = {
			isa = PBXGroup;
			children = (
				777554BF16DA813A00A5ACF9 /* Todo.xcodeproj */,
			);
			name = Examples;
			sourceTree = "<group>";
		};
		77ADAEAD16CBF76F00A2F38D = {
			isa = PBXGroup;
			children = (
				777554C816DA815500A5ACF9 /* Examples */,
				77ADAEC416CBF79F00A2F38D /* KFData */,
				77ADAEBB16CBF79F00A2F38D /* Frameworks */,
				77ADAEBA16CBF79F00A2F38D /* Products */,
				308049E1D01E4BD69E3AB8F0 /* Pods.xcconfig */,
			);
			sourceTree = "<group>";
		};
		77ADAEBA16CBF79F00A2F38D /* Products */ = {
			isa = PBXGroup;
			children = (
				77ADAEB916CBF79F00A2F38D /* KFData.octest */,
			);
			name = Products;
			sourceTree = "<group>";
		};
		77ADAEBB16CBF79F00A2F38D /* Frameworks */ = {
			isa = PBXGroup;
			children = (
				77ADAEBC16CBF79F00A2F38D /* SenTestingKit.framework */,
				77ADAEBE16CBF79F00A2F38D /* Cocoa.framework */,
				77ADAEC016CBF79F00A2F38D /* Other Frameworks */,
				9776A1351F9F45A9A99EE8D4 /* libPods.a */,
			);
			name = Frameworks;
			sourceTree = "<group>";
		};
		77ADAEC016CBF79F00A2F38D /* Other Frameworks */ = {
			isa = PBXGroup;
			children = (
				77ADAEC116CBF79F00A2F38D /* AppKit.framework */,
				77ADAEC216CBF79F00A2F38D /* CoreData.framework */,
				77ADAEC316CBF79F00A2F38D /* Foundation.framework */,
			);
			name = "Other Frameworks";
			sourceTree = "<group>";
		};
		77ADAEC416CBF79F00A2F38D /* KFData */ = {
			isa = PBXGroup;
			children = (
				77ADAED616CBFA6A00A2F38D /* Classes */,
				77ADAEE816CBFAA900A2F38D /* Categories */,
				77ADAED316CBF91500A2F38D /* KFDataStore_Spec.m */,
				7749599916CE3BDA003E205A /* NSManagedObjectContext_Spec.m */,
				778BAE21172FCEBD0074DC89 /* KFAttribute_Spec.m */,
				77ADAEC516CBF79F00A2F38D /* Supporting Files */,
			);
			path = KFData;
			sourceTree = "<group>";
		};
		77ADAEC516CBF79F00A2F38D /* Supporting Files */ = {
			isa = PBXGroup;
			children = (
				77ADAED516CBF9A100A2F38D /* KFData-Prefix.pch */,
				77ADAEF916CC01E400A2F38D /* KFData-Info.plist */,
			);
			name = "Supporting Files";
			sourceTree = "<group>";
		};
		77ADAED616CBFA6A00A2F38D /* Classes */ = {
			isa = PBXGroup;
			children = (
				77ADAED716CBFA6A00A2F38D /* iOS */,
				77E3A4C0171491EE006323F9 /* KFData.h */,
				77ADAEE116CBFA6A00A2F38D /* KFDataStore.h */,
				77ADAEE216CBFA6A00A2F38D /* KFDataStore.m */,
				77E684D616EE035F00D9BBFA /* KFManagedObjectContext.h */,
				77E684D716EE035F00D9BBFA /* KFManagedObjectContext.m */,
				778BAE1C172FC6550074DC89 /* KFAttribute.h */,
				778BAE1D172FC6550074DC89 /* KFAttribute.m */,
			);
			path = Classes;
			sourceTree = SOURCE_ROOT;
		};
		77ADAED716CBFA6A00A2F38D /* iOS */ = {
			isa = PBXGroup;
			children = (
				77ADAED816CBFA6A00A2F38D /* KFDataCollectionViewController.h */,
				77ADAED916CBFA6A00A2F38D /* KFDataCollectionViewController.m */,
				77ADAEDA16CBFA6A00A2F38D /* KFDataTableViewController.h */,
				77ADAEDB16CBFA6A00A2F38D /* KFDataTableViewController.m */,
				77ADAEDC16CBFA6A00A2F38D /* KFDataViewController.h */,
				77ADAEDD16CBFA6A00A2F38D /* KFDataViewController.m */,
				77ADAEDE16CBFA6A00A2F38D /* KFDataViewControllerProtocol.h */,
				77ADAEDF16CBFA6A00A2F38D /* KFFetchedResultsTableController.h */,
				77ADAEE016CBFA6A00A2F38D /* KFFetchedResultsTableController.m */,
				77B1F4EC172421D40005CC2D /* KFSearchableTableViewController.h */,
				77B1F4ED172421D40005CC2D /* KFSearchableTableViewController.m */,
			);
			path = iOS;
			sourceTree = "<group>";
		};
		77ADAEE816CBFAA900A2F38D /* Categories */ = {
			isa = PBXGroup;
			children = (
				77ADAEEA16CBFAA900A2F38D /* NSManagedObject+Aggregation.h */,
				77ADAEEB16CBFAA900A2F38D /* NSManagedObject+Aggregation.m */,
				77ADAEEC16CBFAA900A2F38D /* NSManagedObject+Finders.h */,
				77ADAEED16CBFAA900A2F38D /* NSManagedObject+Finders.m */,
				77ADAEEE16CBFAA900A2F38D /* NSManagedObject+KFData.h */,
				77ADAEEF16CBFAA900A2F38D /* NSManagedObject+KFData.m */,
				77ADAEF016CBFAA900A2F38D /* NSManagedObject+Requests.h */,
				77ADAEF116CBFAA900A2F38D /* NSManagedObject+Requests.m */,
				77ADAEF216CBFAA900A2F38D /* NSManagedObjectContext+KFData.h */,
				77ADAEF316CBFAA900A2F38D /* NSManagedObjectContext+KFData.m */,
			);
			path = Categories;
			sourceTree = SOURCE_ROOT;
		};
/* End PBXGroup section */

/* Begin PBXNativeTarget section */
		77ADAEB816CBF79F00A2F38D /* KFData */ = {
			isa = PBXNativeTarget;
			buildConfigurationList = 77ADAED016CBF79F00A2F38D /* Build configuration list for PBXNativeTarget "KFData" */;
			buildPhases = (
				77ADAEB416CBF79F00A2F38D /* Sources */,
				77ADAEB516CBF79F00A2F38D /* Frameworks */,
				77ADAEB616CBF79F00A2F38D /* Resources */,
				77ADAEB716CBF79F00A2F38D /* ShellScript */,
				9B1FBD6B20434A2EA36578E9 /* Copy Pods Resources */,
			);
			buildRules = (
			);
			dependencies = (
			);
			name = KFData;
			productName = KFData;
			productReference = 77ADAEB916CBF79F00A2F38D /* KFData.octest */;
			productType = "com.apple.product-type.bundle";
		};
/* End PBXNativeTarget section */

/* Begin PBXProject section */
		77ADAEAE16CBF76F00A2F38D /* Project object */ = {
			isa = PBXProject;
			attributes = {
				LastUpgradeCheck = 0460;
			};
			buildConfigurationList = 77ADAEB116CBF76F00A2F38D /* Build configuration list for PBXProject "KFData" */;
			compatibilityVersion = "Xcode 3.2";
			developmentRegion = English;
			hasScannedForEncodings = 0;
			knownRegions = (
				en,
			);
			mainGroup = 77ADAEAD16CBF76F00A2F38D;
			productRefGroup = 77ADAEBA16CBF79F00A2F38D /* Products */;
			projectDirPath = "";
			projectReferences = (
				{
					ProductGroup = 777554C016DA813A00A5ACF9 /* Products */;
					ProjectRef = 777554BF16DA813A00A5ACF9 /* Todo.xcodeproj */;
				},
			);
			projectRoot = "";
			targets = (
				77ADAEB816CBF79F00A2F38D /* KFData */,
			);
		};
/* End PBXProject section */

/* Begin PBXReferenceProxy section */
		777554C516DA813A00A5ACF9 /* Todo.app */ = {
			isa = PBXReferenceProxy;
			fileType = wrapper.application;
			path = Todo.app;
			remoteRef = 777554C416DA813A00A5ACF9 /* PBXContainerItemProxy */;
			sourceTree = BUILT_PRODUCTS_DIR;
		};
		777554C716DA813A00A5ACF9 /* TodoTests.octest */ = {
			isa = PBXReferenceProxy;
			fileType = wrapper.cfbundle;
			path = TodoTests.octest;
			remoteRef = 777554C616DA813A00A5ACF9 /* PBXContainerItemProxy */;
			sourceTree = BUILT_PRODUCTS_DIR;
		};
/* End PBXReferenceProxy section */

/* Begin PBXResourcesBuildPhase section */
		77ADAEB616CBF79F00A2F38D /* Resources */ = {
			isa = PBXResourcesBuildPhase;
			buildActionMask = 2147483647;
			files = (
			);
			runOnlyForDeploymentPostprocessing = 0;
		};
/* End PBXResourcesBuildPhase section */

/* Begin PBXShellScriptBuildPhase section */
		77ADAEB716CBF79F00A2F38D /* ShellScript */ = {
			isa = PBXShellScriptBuildPhase;
			buildActionMask = 2147483647;
			files = (
			);
			inputPaths = (
			);
			outputPaths = (
			);
			runOnlyForDeploymentPostprocessing = 0;
			shellPath = /bin/sh;
			shellScript = "# Run the unit tests in this test bundle.\n\"${SYSTEM_DEVELOPER_DIR}/Tools/RunUnitTests\"\n";
		};
		9B1FBD6B20434A2EA36578E9 /* Copy Pods Resources */ = {
			isa = PBXShellScriptBuildPhase;
			buildActionMask = 2147483647;
			files = (
			);
			inputPaths = (
			);
			name = "Copy Pods Resources";
			outputPaths = (
			);
			runOnlyForDeploymentPostprocessing = 0;
			shellPath = /bin/sh;
			shellScript = "\"${SRCROOT}/Pods/Pods-resources.sh\"\n";
		};
/* End PBXShellScriptBuildPhase section */

/* Begin PBXSourcesBuildPhase section */
		77ADAEB416CBF79F00A2F38D /* Sources */ = {
			isa = PBXSourcesBuildPhase;
			buildActionMask = 2147483647;
			files = (
				77ADAED416CBF91500A2F38D /* KFDataStore_Spec.m in Sources */,
				77ADAEE316CBFA6A00A2F38D /* KFDataCollectionViewController.m in Sources */,
				77ADAEE416CBFA6A00A2F38D /* KFDataTableViewController.m in Sources */,
				77ADAEE516CBFA6A00A2F38D /* KFDataViewController.m in Sources */,
				77ADAEE616CBFA6A00A2F38D /* KFFetchedResultsTableController.m in Sources */,
				77ADAEE716CBFA6A00A2F38D /* KFDataStore.m in Sources */,
				77ADAEF416CBFAA900A2F38D /* NSManagedObject+Aggregation.m in Sources */,
				77ADAEF516CBFAA900A2F38D /* NSManagedObject+Finders.m in Sources */,
				77ADAEF616CBFAA900A2F38D /* NSManagedObject+KFData.m in Sources */,
				77ADAEF716CBFAA900A2F38D /* NSManagedObject+Requests.m in Sources */,
				77ADAEF816CBFAA900A2F38D /* NSManagedObjectContext+KFData.m in Sources */,
				7749599A16CE3BDB003E205A /* NSManagedObjectContext_Spec.m in Sources */,
				77E684D816EE035F00D9BBFA /* KFManagedObjectContext.m in Sources */,
				77B1F4EE172421D40005CC2D /* KFSearchableTableViewController.m in Sources */,
				778BAE1E172FC6550074DC89 /* KFAttribute.m in Sources */,
				778BAE22172FCEBD0074DC89 /* KFAttribute_Spec.m in Sources */,
			);
			runOnlyForDeploymentPostprocessing = 0;
		};
/* End PBXSourcesBuildPhase section */

/* Begin XCBuildConfiguration section */
		77ADAEB216CBF76F00A2F38D /* Debug */ = {
			isa = XCBuildConfiguration;
			buildSettings = {
				CLANG_WARN_EMPTY_BODY = YES;
				CLANG_WARN_IMPLICIT_SIGN_CONVERSION = YES;
				CLANG_WARN_OBJC_IMPLICIT_ATOMIC_PROPERTIES = YES;
				CLANG_WARN_OBJC_RECEIVER_WEAK = YES;
				CLANG_WARN_SUSPICIOUS_IMPLICIT_CONVERSION = YES;
				CLANG_WARN__DUPLICATE_METHOD_MATCH = YES;
				GCC_TREAT_IMPLICIT_FUNCTION_DECLARATIONS_AS_ERRORS = YES;
				GCC_TREAT_INCOMPATIBLE_POINTER_TYPE_WARNINGS_AS_ERRORS = YES;
				GCC_TREAT_WARNINGS_AS_ERRORS = YES;
				GCC_WARN_64_TO_32_BIT_CONVERSION = YES;
				GCC_WARN_ABOUT_MISSING_FIELD_INITIALIZERS = YES;
				GCC_WARN_ABOUT_MISSING_NEWLINE = YES;
				GCC_WARN_ABOUT_MISSING_PROTOTYPES = YES;
				GCC_WARN_ABOUT_RETURN_TYPE = YES;
				GCC_WARN_FOUR_CHARACTER_CONSTANTS = YES;
				GCC_WARN_INHIBIT_ALL_WARNINGS = NO;
				GCC_WARN_INITIALIZER_NOT_FULLY_BRACKETED = YES;
				GCC_WARN_MULTIPLE_DEFINITION_TYPES_FOR_SELECTOR = YES;
				GCC_WARN_PEDANTIC = NO;
				GCC_WARN_SHADOW = YES;
				GCC_WARN_SIGN_COMPARE = YES;
				GCC_WARN_STRICT_SELECTOR_MATCH = YES;
				GCC_WARN_UNDECLARED_SELECTOR = YES;
				GCC_WARN_UNINITIALIZED_AUTOS = YES;
				GCC_WARN_UNKNOWN_PRAGMAS = YES;
				GCC_WARN_UNUSED_FUNCTION = YES;
				GCC_WARN_UNUSED_LABEL = YES;
				GCC_WARN_UNUSED_PARAMETER = YES;
				GCC_WARN_UNUSED_VARIABLE = YES;
			};
			name = Debug;
		};
		77ADAEB316CBF76F00A2F38D /* Release */ = {
			isa = XCBuildConfiguration;
			buildSettings = {
				CLANG_WARN_EMPTY_BODY = YES;
				CLANG_WARN_IMPLICIT_SIGN_CONVERSION = YES;
				CLANG_WARN_OBJC_IMPLICIT_ATOMIC_PROPERTIES = YES;
				CLANG_WARN_OBJC_RECEIVER_WEAK = YES;
				CLANG_WARN_SUSPICIOUS_IMPLICIT_CONVERSION = YES;
				CLANG_WARN__DUPLICATE_METHOD_MATCH = YES;
				GCC_TREAT_IMPLICIT_FUNCTION_DECLARATIONS_AS_ERRORS = YES;
				GCC_TREAT_INCOMPATIBLE_POINTER_TYPE_WARNINGS_AS_ERRORS = YES;
				GCC_TREAT_WARNINGS_AS_ERRORS = YES;
				GCC_WARN_64_TO_32_BIT_CONVERSION = YES;
				GCC_WARN_ABOUT_MISSING_FIELD_INITIALIZERS = YES;
				GCC_WARN_ABOUT_MISSING_NEWLINE = YES;
				GCC_WARN_ABOUT_MISSING_PROTOTYPES = YES;
				GCC_WARN_ABOUT_RETURN_TYPE = YES;
				GCC_WARN_FOUR_CHARACTER_CONSTANTS = YES;
				GCC_WARN_INHIBIT_ALL_WARNINGS = NO;
				GCC_WARN_INITIALIZER_NOT_FULLY_BRACKETED = YES;
				GCC_WARN_MULTIPLE_DEFINITION_TYPES_FOR_SELECTOR = YES;
				GCC_WARN_PEDANTIC = NO;
				GCC_WARN_SHADOW = YES;
				GCC_WARN_SIGN_COMPARE = YES;
				GCC_WARN_STRICT_SELECTOR_MATCH = YES;
				GCC_WARN_UNDECLARED_SELECTOR = YES;
				GCC_WARN_UNINITIALIZED_AUTOS = YES;
				GCC_WARN_UNKNOWN_PRAGMAS = YES;
				GCC_WARN_UNUSED_FUNCTION = YES;
				GCC_WARN_UNUSED_LABEL = YES;
				GCC_WARN_UNUSED_PARAMETER = YES;
				GCC_WARN_UNUSED_VARIABLE = YES;
			};
			name = Release;
		};
		77ADAECE16CBF79F00A2F38D /* Debug */ = {
			isa = XCBuildConfiguration;
			baseConfigurationReference = 308049E1D01E4BD69E3AB8F0 /* Pods.xcconfig */;
			buildSettings = {
				ARCHS = "$(ARCHS_STANDARD_64_BIT)";
				CLANG_CXX_LANGUAGE_STANDARD = "gnu++0x";
				CLANG_CXX_LIBRARY = "libc++";
				CLANG_ENABLE_OBJC_ARC = YES;
				COMBINE_HIDPI_IMAGES = YES;
				COPY_PHASE_STRIP = NO;
				GCC_C_LANGUAGE_STANDARD = gnu99;
				GCC_DYNAMIC_NO_PIC = NO;
				GCC_ENABLE_OBJC_EXCEPTIONS = YES;
				GCC_OPTIMIZATION_LEVEL = 0;
				GCC_PRECOMPILE_PREFIX_HEADER = YES;
				GCC_PREFIX_HEADER = "Other Sources/KFData-Prefix.pch";
				GCC_PREPROCESSOR_DEFINITIONS = (
					"DEBUG=1",
					"$(inherited)",
				);
				GCC_SYMBOLS_PRIVATE_EXTERN = NO;
				INFOPLIST_FILE = "Other Sources/KFData-Info.plist";
				MACOSX_DEPLOYMENT_TARGET = 10.8;
				ONLY_ACTIVE_ARCH = YES;
				PRODUCT_NAME = "$(TARGET_NAME)";
				SDKROOT = macosx;
				WRAPPER_EXTENSION = octest;
			};
			name = Debug;
		};
		77ADAECF16CBF79F00A2F38D /* Release */ = {
			isa = XCBuildConfiguration;
			baseConfigurationReference = 308049E1D01E4BD69E3AB8F0 /* Pods.xcconfig */;
			buildSettings = {
				ARCHS = "$(ARCHS_STANDARD_64_BIT)";
				CLANG_CXX_LANGUAGE_STANDARD = "gnu++0x";
				CLANG_CXX_LIBRARY = "libc++";
				CLANG_ENABLE_OBJC_ARC = YES;
				COMBINE_HIDPI_IMAGES = YES;
				COPY_PHASE_STRIP = YES;
				DEBUG_INFORMATION_FORMAT = "dwarf-with-dsym";
				GCC_C_LANGUAGE_STANDARD = gnu99;
				GCC_ENABLE_OBJC_EXCEPTIONS = YES;
				GCC_PRECOMPILE_PREFIX_HEADER = YES;
				GCC_PREFIX_HEADER = "Other Sources/KFData-Prefix.pch";
				INFOPLIST_FILE = "Other Sources/KFData-Info.plist";
				MACOSX_DEPLOYMENT_TARGET = 10.8;
				PRODUCT_NAME = "$(TARGET_NAME)";
				SDKROOT = macosx;
				WRAPPER_EXTENSION = octest;
			};
			name = Release;
		};
/* End XCBuildConfiguration section */

/* Begin XCConfigurationList section */
		77ADAEB116CBF76F00A2F38D /* Build configuration list for PBXProject "KFData" */ = {
			isa = XCConfigurationList;
			buildConfigurations = (
				77ADAEB216CBF76F00A2F38D /* Debug */,
				77ADAEB316CBF76F00A2F38D /* Release */,
			);
			defaultConfigurationIsVisible = 0;
			defaultConfigurationName = Release;
		};
		77ADAED016CBF79F00A2F38D /* Build configuration list for PBXNativeTarget "KFData" */ = {
			isa = XCConfigurationList;
			buildConfigurations = (
				77ADAECE16CBF79F00A2F38D /* Debug */,
				77ADAECF16CBF79F00A2F38D /* Release */,
			);
			defaultConfigurationIsVisible = 0;
			defaultConfigurationName = Release;
		};
/* End XCConfigurationList section */
	};
	rootObject = 77ADAEAE16CBF76F00A2F38D /* Project object */;
}
